// !$*UTF8*$!
{
	archiveVersion = 1;
	classes = {
	};
	objectVersion = 77;
	objects = {

/* Begin PBXBuildFile section */
		3B3C8FCE2F3D1BEF00ADEDB6 /* PstReader in Frameworks */ = {isa = PBXBuildFile; productRef = 3BAA00022E3FC00000000002 /* PstReader */; };
/* End PBXBuildFile section */

/* Begin PBXContainerItemProxy section */
		3B8EDA152E3FB6C500291A6C /* PBXContainerItemProxy */ = {
			isa = PBXContainerItemProxy;
			containerPortal = 3B8ED9FC2E3FB6C300291A6C /* Project object */;
			proxyType = 1;
			remoteGlobalIDString = 3B8EDA032E3FB6C300291A6C;
			remoteInfo = FreePSTViewer;
		};
		3B8EDA1F2E3FB6C500291A6C /* PBXContainerItemProxy */ = {
			isa = PBXContainerItemProxy;
			containerPortal = 3B8ED9FC2E3FB6C300291A6C /* Project object */;
			proxyType = 1;
			remoteGlobalIDString = 3B8EDA032E3FB6C300291A6C;
			remoteInfo = FreePSTViewer;
		};
/* End PBXContainerItemProxy section */

/* Begin PBXFileReference section */
		3B8EDA042E3FB6C300291A6C /* FreePSTViewer.app */ = {isa = PBXFileReference; explicitFileType = wrapper.application; includeInIndex = 0; path = FreePSTViewer.app; sourceTree = BUILT_PRODUCTS_DIR; };
		3B8EDA142E3FB6C500291A6C /* FreePSTViewerTests.xctest */ = {isa = PBXFileReference; explicitFileType = wrapper.cfbundle; includeInIndex = 0; path = FreePSTViewerTests.xctest; sourceTree = BUILT_PRODUCTS_DIR; };
		3B8EDA1E2E3FB6C500291A6C /* FreePSTViewerUITests.xctest */ = {isa = PBXFileReference; explicitFileType = wrapper.cfbundle; includeInIndex = 0; path = FreePSTViewerUITests.xctest; sourceTree = BUILT_PRODUCTS_DIR; };
/* End PBXFileReference section */

/* Begin PBXFileSystemSynchronizedRootGroup section */
		3B8EDA062E3FB6C300291A6C /* FreePSTViewer */ = {
			isa = PBXFileSystemSynchronizedRootGroup;
			path = FreePSTViewer;
			sourceTree = "<group>";
		};
		3B8EDA172E3FB6C500291A6C /* FreePSTViewerTests */ = {
			isa = PBXFileSystemSynchronizedRootGroup;
			path = FreePSTViewerTests;
			sourceTree = "<group>";
		};
		3B8EDA212E3FB6C500291A6C /* FreePSTViewerUITests */ = {
			isa = PBXFileSystemSynchronizedRootGroup;
			path = FreePSTViewerUITests;
			sourceTree = "<group>";
		};
/* End PBXFileSystemSynchronizedRootGroup section */

/* Begin PBXFrameworksBuildPhase section */
		3B8EDA012E3FB6C300291A6C /* Frameworks */ = {
			isa = PBXFrameworksBuildPhase;
			buildActionMask = 2147483647;
			files = (
				3B3C8FCE2F3D1BEF00ADEDB6 /* PstReader in Frameworks */,
			);
			runOnlyForDeploymentPostprocessing = 0;
		};
		3B8EDA112E3FB6C500291A6C /* Frameworks */ = {
			isa = PBXFrameworksBuildPhase;
			buildActionMask = 2147483647;
			files = (
			);
			runOnlyForDeploymentPostprocessing = 0;
		};
		3B8EDA1B2E3FB6C500291A6C /* Frameworks */ = {
			isa = PBXFrameworksBuildPhase;
			buildActionMask = 2147483647;
			files = (
			);
			runOnlyForDeploymentPostprocessing = 0;
		};
/* End PBXFrameworksBuildPhase section */

/* Begin PBXGroup section */
		3B8ED9FB2E3FB6C300291A6C = {
			isa = PBXGroup;
			children = (
				3B8EDA062E3FB6C300291A6C /* FreePSTViewer */,
				3B8EDA172E3FB6C500291A6C /* FreePSTViewerTests */,
				3B8EDA212E3FB6C500291A6C /* FreePSTViewerUITests */,
				3B8EDA052E3FB6C300291A6C /* Products */,
			);
			sourceTree = "<group>";
		};
		3B8EDA052E3FB6C300291A6C /* Products */ = {
			isa = PBXGroup;
			children = (
				3B8EDA042E3FB6C300291A6C /* FreePSTViewer.app */,
				3B8EDA142E3FB6C500291A6C /* FreePSTViewerTests.xctest */,
				3B8EDA1E2E3FB6C500291A6C /* FreePSTViewerUITests.xctest */,
			);
			name = Products;
			sourceTree = "<group>";
		};
/* End PBXGroup section */

/* Begin PBXNativeTarget section */
		3B8EDA032E3FB6C300291A6C /* FreePSTViewer */ = {
			isa = PBXNativeTarget;
			buildConfigurationList = 3B8EDA282E3FB6C500291A6C /* Build configuration list for PBXNativeTarget "FreePSTViewer" */;
			buildPhases = (
				3B8EDA002E3FB6C300291A6C /* Sources */,
				3B8EDA012E3FB6C300291A6C /* Frameworks */,
				3B8EDA022E3FB6C300291A6C /* Resources */,
			);
			buildRules = (
			);
			dependencies = (
			);
			fileSystemSynchronizedGroups = (
				3B8EDA062E3FB6C300291A6C /* FreePSTViewer */,
			);
			name = FreePSTViewer;
			packageProductDependencies = (
				3BAA00022E3FC00000000002 /* PstReader */,
			);
			productName = FreePSTViewer;
			productReference = 3B8EDA042E3FB6C300291A6C /* FreePSTViewer.app */;
			productType = "com.apple.product-type.application";
		};
		3B8EDA132E3FB6C500291A6C /* FreePSTViewerTests */ = {
			isa = PBXNativeTarget;
			buildConfigurationList = 3B8EDA2B2E3FB6C500291A6C /* Build configuration list for PBXNativeTarget "FreePSTViewerTests" */;
			buildPhases = (
				3B8EDA102E3FB6C500291A6C /* Sources */,
				3B8EDA112E3FB6C500291A6C /* Frameworks */,
				3B8EDA122E3FB6C500291A6C /* Resources */,
			);
			buildRules = (
			);
			dependencies = (
				3B8EDA162E3FB6C500291A6C /* PBXTargetDependency */,
			);
			fileSystemSynchronizedGroups = (
				3B8EDA172E3FB6C500291A6C /* FreePSTViewerTests */,
			);
			name = FreePSTViewerTests;
			packageProductDependencies = (
			);
			productName = FreePSTViewerTests;
			productReference = 3B8EDA142E3FB6C500291A6C /* FreePSTViewerTests.xctest */;
			productType = "com.apple.product-type.bundle.unit-test";
		};
		3B8EDA1D2E3FB6C500291A6C /* FreePSTViewerUITests */ = {
			isa = PBXNativeTarget;
			buildConfigurationList = 3B8EDA2E2E3FB6C500291A6C /* Build configuration list for PBXNativeTarget "FreePSTViewerUITests" */;
			buildPhases = (
				3B8EDA1A2E3FB6C500291A6C /* Sources */,
				3B8EDA1B2E3FB6C500291A6C /* Frameworks */,
				3B8EDA1C2E3FB6C500291A6C /* Resources */,
			);
			buildRules = (
			);
			dependencies = (
				3B8EDA202E3FB6C500291A6C /* PBXTargetDependency */,
			);
			fileSystemSynchronizedGroups = (
				3B8EDA212E3FB6C500291A6C /* FreePSTViewerUITests */,
			);
			name = FreePSTViewerUITests;
			packageProductDependencies = (
			);
			productName = FreePSTViewerUITests;
			productReference = 3B8EDA1E2E3FB6C500291A6C /* FreePSTViewerUITests.xctest */;
			productType = "com.apple.product-type.bundle.ui-testing";
		};
/* End PBXNativeTarget section */

/* Begin PBXProject section */
		3B8ED9FC2E3FB6C300291A6C /* Project object */ = {
			isa = PBXProject;
			attributes = {
				BuildIndependentTargetsInParallel = 1;
				LastSwiftUpdateCheck = 1640;
				LastUpgradeCheck = 2620;
				TargetAttributes = {
					3B8EDA032E3FB6C300291A6C = {
						CreatedOnToolsVersion = 16.4;
					};
					3B8EDA132E3FB6C500291A6C = {
						CreatedOnToolsVersion = 16.4;
						TestTargetID = 3B8EDA032E3FB6C300291A6C;
					};
					3B8EDA1D2E3FB6C500291A6C = {
						CreatedOnToolsVersion = 16.4;
						TestTargetID = 3B8EDA032E3FB6C300291A6C;
					};
				};
			};
			buildConfigurationList = 3B8ED9FF2E3FB6C300291A6C /* Build configuration list for PBXProject "FreePSTViewer" */;
			developmentRegion = en;
			hasScannedForEncodings = 0;
			knownRegions = (
				en,
				Base,
			);
			mainGroup = 3B8ED9FB2E3FB6C300291A6C;
			minimizedProjectReferenceProxies = 1;
			packageReferences = (
				3BAA00012E3FC00000000001 /* XCRemoteSwiftPackageReference "PstReader" */,
			);
			preferredProjectObjectVersion = 77;
			productRefGroup = 3B8EDA052E3FB6C300291A6C /* Products */;
			projectDirPath = "";
			projectRoot = "";
			targets = (
				3B8EDA032E3FB6C300291A6C /* FreePSTViewer */,
				3B8EDA132E3FB6C500291A6C /* FreePSTViewerTests */,
				3B8EDA1D2E3FB6C500291A6C /* FreePSTViewerUITests */,
			);
		};
/* End PBXProject section */

/* Begin PBXResourcesBuildPhase section */
		3B8EDA022E3FB6C300291A6C /* Resources */ = {
			isa = PBXResourcesBuildPhase;
			buildActionMask = 2147483647;
			files = (
			);
			runOnlyForDeploymentPostprocessing = 0;
		};
		3B8EDA122E3FB6C500291A6C /* Resources */ = {
			isa = PBXResourcesBuildPhase;
			buildActionMask = 2147483647;
			files = (
			);
			runOnlyForDeploymentPostprocessing = 0;
		};
		3B8EDA1C2E3FB6C500291A6C /* Resources */ = {
			isa = PBXResourcesBuildPhase;
			buildActionMask = 2147483647;
			files = (
			);
			runOnlyForDeploymentPostprocessing = 0;
		};
/* End PBXResourcesBuildPhase section */

/* Begin PBXSourcesBuildPhase section */
		3B8EDA002E3FB6C300291A6C /* Sources */ = {
			isa = PBXSourcesBuildPhase;
			buildActionMask = 2147483647;
			files = (
			);
			runOnlyForDeploymentPostprocessing = 0;
		};
		3B8EDA102E3FB6C500291A6C /* Sources */ = {
			isa = PBXSourcesBuildPhase;
			buildActionMask = 2147483647;
			files = (
			);
			runOnlyForDeploymentPostprocessing = 0;
		};
		3B8EDA1A2E3FB6C500291A6C /* Sources */ = {
			isa = PBXSourcesBuildPhase;
			buildActionMask = 2147483647;
			files = (
			);
			runOnlyForDeploymentPostprocessing = 0;
		};
/* End PBXSourcesBuildPhase section */

/* Begin PBXTargetDependency section */
		3B8EDA162E3FB6C500291A6C /* PBXTargetDependency */ = {
			isa = PBXTargetDependency;
			target = 3B8EDA032E3FB6C300291A6C /* FreePSTViewer */;
			targetProxy = 3B8EDA152E3FB6C500291A6C /* PBXContainerItemProxy */;
		};
		3B8EDA202E3FB6C500291A6C /* PBXTargetDependency */ = {
			isa = PBXTargetDependency;
			target = 3B8EDA032E3FB6C300291A6C /* FreePSTViewer */;
			targetProxy = 3B8EDA1F2E3FB6C500291A6C /* PBXContainerItemProxy */;
		};
/* End PBXTargetDependency section */

/* Begin XCBuildConfiguration section */
		3B8EDA262E3FB6C500291A6C /* Debug */ = {
			isa = XCBuildConfiguration;
			buildSettings = {
				ALWAYS_SEARCH_USER_PATHS = NO;
				ASSETCATALOG_COMPILER_GENERATE_SWIFT_ASSET_SYMBOL_EXTENSIONS = YES;
				CLANG_ANALYZER_NONNULL = YES;
				CLANG_ANALYZER_NUMBER_OBJECT_CONVERSION = YES_AGGRESSIVE;
				CLANG_CXX_LANGUAGE_STANDARD = "gnu++20";
				CLANG_ENABLE_MODULES = YES;
				CLANG_ENABLE_OBJC_ARC = YES;
				CLANG_ENABLE_OBJC_WEAK = YES;
				CLANG_WARN_BLOCK_CAPTURE_AUTORELEASING = YES;
				CLANG_WARN_BOOL_CONVERSION = YES;
				CLANG_WARN_COMMA = YES;
				CLANG_WARN_CONSTANT_CONVERSION = YES;
				CLANG_WARN_DEPRECATED_OBJC_IMPLEMENTATIONS = YES;
				CLANG_WARN_DIRECT_OBJC_ISA_USAGE = YES_ERROR;
				CLANG_WARN_DOCUMENTATION_COMMENTS = YES;
				CLANG_WARN_EMPTY_BODY = YES;
				CLANG_WARN_ENUM_CONVERSION = YES;
				CLANG_WARN_INFINITE_RECURSION = YES;
				CLANG_WARN_INT_CONVERSION = YES;
				CLANG_WARN_NON_LITERAL_NULL_CONVERSION = YES;
				CLANG_WARN_OBJC_IMPLICIT_RETAIN_SELF = YES;
				CLANG_WARN_OBJC_LITERAL_CONVERSION = YES;
				CLANG_WARN_OBJC_ROOT_CLASS = YES_ERROR;
				CLANG_WARN_QUOTED_INCLUDE_IN_FRAMEWORK_HEADER = YES;
				CLANG_WARN_RANGE_LOOP_ANALYSIS = YES;
				CLANG_WARN_STRICT_PROTOTYPES = YES;
				CLANG_WARN_SUSPICIOUS_MOVE = YES;
				CLANG_WARN_UNGUARDED_AVAILABILITY = YES_AGGRESSIVE;
				CLANG_WARN_UNREACHABLE_CODE = YES;
				CLANG_WARN__DUPLICATE_METHOD_MATCH = YES;
				COPY_PHASE_STRIP = NO;
				DEAD_CODE_STRIPPING = YES;
				DEBUG_INFORMATION_FORMAT = dwarf;
				ENABLE_STRICT_OBJC_MSGSEND = YES;
				ENABLE_TESTABILITY = YES;
				ENABLE_USER_SCRIPT_SANDBOXING = YES;
				GCC_C_LANGUAGE_STANDARD = gnu17;
				GCC_DYNAMIC_NO_PIC = NO;
				GCC_NO_COMMON_BLOCKS = YES;
				GCC_OPTIMIZATION_LEVEL = 0;
				GCC_PREPROCESSOR_DEFINITIONS = (
					"DEBUG=1",
					"$(inherited)",
				);
				GCC_WARN_64_TO_32_BIT_CONVERSION = YES;
				GCC_WARN_ABOUT_RETURN_TYPE = YES_ERROR;
				GCC_WARN_UNDECLARED_SELECTOR = YES;
				GCC_WARN_UNINITIALIZED_AUTOS = YES_AGGRESSIVE;
				GCC_WARN_UNUSED_FUNCTION = YES;
				GCC_WARN_UNUSED_VARIABLE = YES;
				LOCALIZATION_PREFERS_STRING_CATALOGS = YES;
				MACOSX_DEPLOYMENT_TARGET = 15.5;
				MTL_ENABLE_DEBUG_INFO = INCLUDE_SOURCE;
				MTL_FAST_MATH = YES;
				ONLY_ACTIVE_ARCH = YES;
				SDKROOT = macosx;
				STRING_CATALOG_GENERATE_SYMBOLS = YES;
				SWIFT_ACTIVE_COMPILATION_CONDITIONS = "DEBUG $(inherited)";
				SWIFT_OPTIMIZATION_LEVEL = "-Onone";
			};
			name = Debug;
		};
		3B8EDA272E3FB6C500291A6C /* Release */ = {
			isa = XCBuildConfiguration;
			buildSettings = {
				ALWAYS_SEARCH_USER_PATHS = NO;
				ASSETCATALOG_COMPILER_GENERATE_SWIFT_ASSET_SYMBOL_EXTENSIONS = YES;
				CLANG_ANALYZER_NONNULL = YES;
				CLANG_ANALYZER_NUMBER_OBJECT_CONVERSION = YES_AGGRESSIVE;
				CLANG_CXX_LANGUAGE_STANDARD = "gnu++20";
				CLANG_ENABLE_MODULES = YES;
				CLANG_ENABLE_OBJC_ARC = YES;
				CLANG_ENABLE_OBJC_WEAK = YES;
				CLANG_WARN_BLOCK_CAPTURE_AUTORELEASING = YES;
				CLANG_WARN_BOOL_CONVERSION = YES;
				CLANG_WARN_COMMA = YES;
				CLANG_WARN_CONSTANT_CONVERSION = YES;
				CLANG_WARN_DEPRECATED_OBJC_IMPLEMENTATIONS = YES;
				CLANG_WARN_DIRECT_OBJC_ISA_USAGE = YES_ERROR;
				CLANG_WARN_DOCUMENTATION_COMMENTS = YES;
				CLANG_WARN_EMPTY_BODY = YES;
				CLANG_WARN_ENUM_CONVERSION = YES;
				CLANG_WARN_INFINITE_RECURSION = YES;
				CLANG_WARN_INT_CONVERSION = YES;
				CLANG_WARN_NON_LITERAL_NULL_CONVERSION = YES;
				CLANG_WARN_OBJC_IMPLICIT_RETAIN_SELF = YES;
				CLANG_WARN_OBJC_LITERAL_CONVERSION = YES;
				CLANG_WARN_OBJC_ROOT_CLASS = YES_ERROR;
				CLANG_WARN_QUOTED_INCLUDE_IN_FRAMEWORK_HEADER = YES;
				CLANG_WARN_RANGE_LOOP_ANALYSIS = YES;
				CLANG_WARN_STRICT_PROTOTYPES = YES;
				CLANG_WARN_SUSPICIOUS_MOVE = YES;
				CLANG_WARN_UNGUARDED_AVAILABILITY = YES_AGGRESSIVE;
				CLANG_WARN_UNREACHABLE_CODE = YES;
				CLANG_WARN__DUPLICATE_METHOD_MATCH = YES;
				COPY_PHASE_STRIP = NO;
				DEAD_CODE_STRIPPING = YES;
				DEBUG_INFORMATION_FORMAT = "dwarf-with-dsym";
				ENABLE_NS_ASSERTIONS = NO;
				ENABLE_STRICT_OBJC_MSGSEND = YES;
				ENABLE_USER_SCRIPT_SANDBOXING = YES;
				GCC_C_LANGUAGE_STANDARD = gnu17;
				GCC_NO_COMMON_BLOCKS = YES;
				GCC_WARN_64_TO_32_BIT_CONVERSION = YES;
				GCC_WARN_ABOUT_RETURN_TYPE = YES_ERROR;
				GCC_WARN_UNDECLARED_SELECTOR = YES;
				GCC_WARN_UNINITIALIZED_AUTOS = YES_AGGRESSIVE;
				GCC_WARN_UNUSED_FUNCTION = YES;
				GCC_WARN_UNUSED_VARIABLE = YES;
				LOCALIZATION_PREFERS_STRING_CATALOGS = YES;
				MACOSX_DEPLOYMENT_TARGET = 15.5;
				MTL_ENABLE_DEBUG_INFO = NO;
				MTL_FAST_MATH = YES;
				SDKROOT = macosx;
				STRING_CATALOG_GENERATE_SYMBOLS = YES;
				SWIFT_COMPILATION_MODE = wholemodule;
			};
			name = Release;
		};
		3B8EDA292E3FB6C500291A6C /* Debug */ = {
			isa = XCBuildConfiguration;
			buildSettings = {
				ASSETCATALOG_COMPILER_APPICON_NAME = AppIcon;
				ASSETCATALOG_COMPILER_GLOBAL_ACCENT_COLOR_NAME = AccentColor;
				CODE_SIGN_ENTITLEMENTS = FreePSTViewer/FreePSTViewer.entitlements;
				CODE_SIGN_STYLE = Automatic;
				COMBINE_HIDPI_IMAGES = YES;
				CURRENT_PROJECT_VERSION = 1;
				DEAD_CODE_STRIPPING = YES;
				ENABLE_APP_SANDBOX = YES;
				ENABLE_PREVIEWS = YES;
				ENABLE_USER_SELECTED_FILES = readwrite;
				GENERATE_INFOPLIST_FILE = YES;
				INFOPLIST_KEY_NSHumanReadableCopyright = "";
				LD_RUNPATH_SEARCH_PATHS = (
					"$(inherited)",
					"@executable_path/../Frameworks",
				);
				MACOSX_DEPLOYMENT_TARGET = 14.0;
				MARKETING_VERSION = 1.0;
				PRODUCT_BUNDLE_IDENTIFIER = "rlorenzo.Free-PST-Viewer";
				PRODUCT_NAME = "$(TARGET_NAME)";
				REGISTER_APP_GROUPS = YES;
				SWIFT_EMIT_LOC_STRINGS = YES;
				SWIFT_VERSION = 5.0;
			};
			name = Debug;
		};
		3B8EDA2A2E3FB6C500291A6C /* Release */ = {
			isa = XCBuildConfiguration;
			buildSettings = {
				ASSETCATALOG_COMPILER_APPICON_NAME = AppIcon;
				ASSETCATALOG_COMPILER_GLOBAL_ACCENT_COLOR_NAME = AccentColor;
				CODE_SIGN_ENTITLEMENTS = FreePSTViewer/FreePSTViewer.entitlements;
				CODE_SIGN_STYLE = Automatic;
				COMBINE_HIDPI_IMAGES = YES;
				CURRENT_PROJECT_VERSION = 1;
				DEAD_CODE_STRIPPING = YES;
				ENABLE_APP_SANDBOX = YES;
				ENABLE_PREVIEWS = YES;
				ENABLE_USER_SELECTED_FILES = readwrite;
				GENERATE_INFOPLIST_FILE = YES;
				INFOPLIST_KEY_NSHumanReadableCopyright = "";
				LD_RUNPATH_SEARCH_PATHS = (
					"$(inherited)",
					"@executable_path/../Frameworks",
				);
				MACOSX_DEPLOYMENT_TARGET = 14.0;
				MARKETING_VERSION = 1.0;
				PRODUCT_BUNDLE_IDENTIFIER = "rlorenzo.Free-PST-Viewer";
				PRODUCT_NAME = "$(TARGET_NAME)";
				REGISTER_APP_GROUPS = YES;
				SWIFT_EMIT_LOC_STRINGS = YES;
				SWIFT_VERSION = 5.0;
			};
			name = Release;
		};
		3B8EDA2C2E3FB6C500291A6C /* Debug */ = {
			isa = XCBuildConfiguration;
			buildSettings = {
				BUNDLE_LOADER = "$(TEST_HOST)";
				CODE_SIGN_STYLE = Automatic;
				CURRENT_PROJECT_VERSION = 1;
				DEAD_CODE_STRIPPING = YES;
				GENERATE_INFOPLIST_FILE = YES;
				MACOSX_DEPLOYMENT_TARGET = 14.0;
				MARKETING_VERSION = 1.0;
				PRODUCT_BUNDLE_IDENTIFIER = "rlorenzo.Free-PST-ViewerTests";
				PRODUCT_NAME = "$(TARGET_NAME)";
				SWIFT_EMIT_LOC_STRINGS = NO;
				SWIFT_VERSION = 5.0;
				TEST_HOST = "$(BUILT_PRODUCTS_DIR)/FreePSTViewer.app/$(BUNDLE_EXECUTABLE_FOLDER_PATH)/FreePSTViewer";
			};
			name = Debug;
		};
		3B8EDA2D2E3FB6C500291A6C /* Release */ = {
			isa = XCBuildConfiguration;
			buildSettings = {
				BUNDLE_LOADER = "$(TEST_HOST)";
				CODE_SIGN_STYLE = Automatic;
				CURRENT_PROJECT_VERSION = 1;
				DEAD_CODE_STRIPPING = YES;
				GENERATE_INFOPLIST_FILE = YES;
				MACOSX_DEPLOYMENT_TARGET = 14.0;
				MARKETING_VERSION = 1.0;
				PRODUCT_BUNDLE_IDENTIFIER = "rlorenzo.Free-PST-ViewerTests";
				PRODUCT_NAME = "$(TARGET_NAME)";
				SWIFT_EMIT_LOC_STRINGS = NO;
				SWIFT_VERSION = 5.0;
				TEST_HOST = "$(BUILT_PRODUCTS_DIR)/FreePSTViewer.app/$(BUNDLE_EXECUTABLE_FOLDER_PATH)/FreePSTViewer";
			};
			name = Release;
		};
		3B8EDA2F2E3FB6C500291A6C /* Debug */ = {
			isa = XCBuildConfiguration;
			buildSettings = {
				CODE_SIGN_STYLE = Automatic;
				CURRENT_PROJECT_VERSION = 1;
				DEAD_CODE_STRIPPING = YES;
				GENERATE_INFOPLIST_FILE = YES;
				MARKETING_VERSION = 1.0;
				PRODUCT_BUNDLE_IDENTIFIER = "rlorenzo.Free-PST-ViewerUITests";
				PRODUCT_NAME = "$(TARGET_NAME)";
				SWIFT_EMIT_LOC_STRINGS = NO;
				SWIFT_VERSION = 5.0;
				TEST_TARGET_NAME = FreePSTViewer;
			};
			name = Debug;
		};
		3B8EDA302E3FB6C500291A6C /* Release */ = {
			isa = XCBuildConfiguration;
			buildSettings = {
				CODE_SIGN_STYLE = Automatic;
				CURRENT_PROJECT_VERSION = 1;
				DEAD_CODE_STRIPPING = YES;
				GENERATE_INFOPLIST_FILE = YES;
				MARKETING_VERSION = 1.0;
				PRODUCT_BUNDLE_IDENTIFIER = "rlorenzo.Free-PST-ViewerUITests";
				PRODUCT_NAME = "$(TARGET_NAME)";
				SWIFT_EMIT_LOC_STRINGS = NO;
				SWIFT_VERSION = 5.0;
				TEST_TARGET_NAME = FreePSTViewer;
			};
			name = Release;
		};
/* End XCBuildConfiguration section */

/* Begin XCConfigurationList section */
		3B8ED9FF2E3FB6C300291A6C /* Build configuration list for PBXProject "FreePSTViewer" */ = {
			isa = XCConfigurationList;
			buildConfigurations = (
				3B8EDA262E3FB6C500291A6C /* Debug */,
				3B8EDA272E3FB6C500291A6C /* Release */,
			);
			defaultConfigurationIsVisible = 0;
			defaultConfigurationName = Release;
		};
		3B8EDA282E3FB6C500291A6C /* Build configuration list for PBXNativeTarget "FreePSTViewer" */ = {
			isa = XCConfigurationList;
			buildConfigurations = (
				3B8EDA292E3FB6C500291A6C /* Debug */,
				3B8EDA2A2E3FB6C500291A6C /* Release */,
			);
			defaultConfigurationIsVisible = 0;
			defaultConfigurationName = Release;
		};
		3B8EDA2B2E3FB6C500291A6C /* Build configuration list for PBXNativeTarget "FreePSTViewerTests" */ = {
			isa = XCConfigurationList;
			buildConfigurations = (
				3B8EDA2C2E3FB6C500291A6C /* Debug */,
				3B8EDA2D2E3FB6C500291A6C /* Release */,
			);
			defaultConfigurationIsVisible = 0;
			defaultConfigurationName = Release;
		};
		3B8EDA2E2E3FB6C500291A6C /* Build configuration list for PBXNativeTarget "FreePSTViewerUITests" */ = {
			isa = XCConfigurationList;
			buildConfigurations = (
				3B8EDA2F2E3FB6C500291A6C /* Debug */,
				3B8EDA302E3FB6C500291A6C /* Release */,
			);
			defaultConfigurationIsVisible = 0;
			defaultConfigurationName = Release;
		};
/* End XCConfigurationList section */

/* Begin XCRemoteSwiftPackageReference section */
		3BAA00012E3FC00000000001 /* XCRemoteSwiftPackageReference "PstReader" */ = {
			isa = XCRemoteSwiftPackageReference;
			repositoryURL = "https://github.com/hughbe/PstReader";
			requirement = {
				kind = revision;
				revision = 033b8c2c0f6c4576f110b6223a5653e4754d2a2c;
			};
		};
/* End XCRemoteSwiftPackageReference section */

/* Begin XCSwiftPackageProductDependency section */
		3BAA00022E3FC00000000002 /* PstReader */ = {
			isa = XCSwiftPackageProductDependency;
			package = 3BAA00012E3FC00000000001 /* XCRemoteSwiftPackageReference "PstReader" */;
			productName = PstReader;
		};
/* End XCSwiftPackageProductDependency section */
	};
	rootObject = 3B8ED9FC2E3FB6C300291A6C /* Project object */;
}
